
Microsoft Visual Studio Solution File, Format Version 12.00
# Visual Studio Version 17
VisualStudioVersion = 17.1.32210.238
MinimumVisualStudioVersion = 10.0.40219.1
Project("{9A19103F-16F7-4668-BE54-9A1E7A4F7556}") = "NetAtlas", "NetAtlas\NetAtlas.csproj", "{47EF8D66-F510-4CE6-88B0-D1CA1B9B5D97}"
EndProject
Global
	GlobalSection(SolutionConfigurationPlatforms) = preSolution
		Debug|Any CPU = Debug|Any CPU
		Release|Any CPU = Release|Any CPU
	EndGlobalSection
	GlobalSection(ProjectConfigurationPlatforms) = postSolution
		{47EF8D66-F510-4CE6-88B0-D1CA1B9B5D97}.Debug|Any CPU.ActiveCfg = Debug|Any CPU
		{47EF8D66-F510-4CE6-88B0-D1CA1B9B5D97}.Debug|Any CPU.Build.0 = Debug|Any CPU
		{47EF8D66-F510-4CE6-88B0-D1CA1B9B5D97}.Release|Any CPU.ActiveCfg = Release|Any CPU
		{47EF8D66-F510-4CE6-88B0-D1CA1B9B5D97}.Release|Any CPU.Build.0 = Release|Any CPU
	EndGlobalSection
	GlobalSection(SolutionProperties) = preSolution
		HideSolutionNode = FALSE
	EndGlobalSection
	GlobalSection(ExtensibilityGlobals) = postSolution
		SolutionGuid = {E7AEB2C5-B1EE-4A67-8493-A9ED8AC4C0A9}
	EndGlobalSection
EndGlobal
